schema: '2.0'
stages:
  constitucion_cr_raw:
    cmd: wget 
      http://www.pgrweb.go.cr/TextoCompleto/NORMAS/1/VIGENTE/C/1940-1949/1945-1949/1949/367/871_138995-26.html
      --output-document=data/rawdata/constitucion_cr-26.html
    outs:
    - path: data/rawdata/constitucion_cr-26.html
      hash: md5
      md5: 07224b75b43597fce68f63861bd51f79
      size: 396798
  constitucion_cr:
    cmd: "python src/legalogic/prep_docs/prep_const.py data/rawdata/constitucion_cr-26.html
      >data/preprocessed/constitucion_cr.txt\n"
    deps:
    - path: data/rawdata/constitucion_cr-26.html
      hash: md5
      md5: 07224b75b43597fce68f63861bd51f79
      size: 396798
    - path: src/legalogic/prep_docs/prep_const.py
      hash: md5
      md5: c760a2d488e7f3d54acf4c73c916ef55
      size: 2799
    outs:
    - path: data/preprocessed/constitucion_cr.txt
      hash: md5
      md5: badfce3f02eee04c43934d623f81f8d8
      size: 127532
  constitucion_sent_cr:
    cmd: "python src/legalogic/prep_docs/constitucion_sentences.py data/preprocessed/constitucion_cr.txt
      >data/preprocessed/constitucion_sent_cr.txt\n"
    deps:
    - path: data/preprocessed/constitucion_cr.txt
      hash: md5
      md5: badfce3f02eee04c43934d623f81f8d8
      size: 127532
    - path: src/legalogic/prep_docs/constitucion_sentences.py
      hash: md5
      md5: 09bc6eae8e0f3de0413777cf4be5296d
      size: 1746
    outs:
    - path: data/preprocessed/constitucion_sent_cr.txt
      hash: md5
      md5: 7fd2f8173f83b5b27de2fdb29a503232
      size: 122622
