schema: '2.0'
stages:
  constitucion_cr_raw:
    cmd: wget 
      http://www.pgrweb.go.cr/TextoCompleto/NORMAS/1/VIGENTE/C/1940-1949/1945-1949/1949/367/871_138995-26.html
      --output-document=data/rawdata/constitucion_cr-26.html
    outs:
    - path: data/rawdata/constitucion_cr-26.html
      hash: md5
      md5: 46870249b32180edb75be65ae56807e9
      size: 396798
  constitucion_cr:
    cmd: "python src/legalogic/prep_docs/prep_const.py data/rawdata/constitucion_cr-26.html
      >data/preprocessed/constitucion_cr.txt\n"
    deps:
    - path: data/rawdata/constitucion_cr-26.html
      hash: md5
      md5: 46870249b32180edb75be65ae56807e9
      size: 396798
    - path: src/legalogic/prep_docs/prep_const.py
      hash: md5
      md5: ee8035dece4a728e9164168f2b6f2bab
      size: 2749
    outs:
    - path: data/preprocessed/constitucion_cr.txt
      hash: md5
      md5: 5bcda68c583a63612d39e6188b4c8ee3
      size: 125043
